
Microsoft Visual Studio Solution File, Format Version 12.00
# Visual Studio Version 17
VisualStudioVersion = 17.5.002.0
MinimumVisualStudioVersion = 10.0.40219.1
Project("{9A19103F-16F7-4668-BE54-9A1E7A4F7556}") = "CheckWebsite", "CheckWebsite.csproj", "{2DCD070D-6469-4914-9194-E43D051BD084}"
EndProject
Global
	GlobalSection(SolutionConfigurationPlatforms) = preSolution
		Debug|Any CPU = Debug|Any CPU
		Release|Any CPU = Release|Any CPU
	EndGlobalSection
	GlobalSection(ProjectConfigurationPlatforms) = postSolution
		{2DCD070D-6469-4914-9194-E43D051BD084}.Debug|Any CPU.ActiveCfg = Debug|Any CPU
		{2DCD070D-6469-4914-9194-E43D051BD084}.Debug|Any CPU.Build.0 = Debug|Any CPU
		{2DCD070D-6469-4914-9194-E43D051BD084}.Release|Any CPU.ActiveCfg = Release|Any CPU
		{2DCD070D-6469-4914-9194-E43D051BD084}.Release|Any CPU.Build.0 = Release|Any CPU
	EndGlobalSection
	GlobalSection(SolutionProperties) = preSolution
		HideSolutionNode = FALSE
	EndGlobalSection
	GlobalSection(ExtensibilityGlobals) = postSolution
		SolutionGuid = {25F6E9B4-57FE-4626-9914-275FC5CC5ED1}
	EndGlobalSection
EndGlobal
